
Microsoft Visual Studio Solution File, Format Version 12.00
# Visual Studio Version 16
VisualStudioVersion = 16.0.31019.35
MinimumVisualStudioVersion = 10.0.40219.1
Project("{9A19103F-16F7-4668-BE54-9A1E7A4F7556}") = "ConsoleApp1", "ConsoleApp1\ConsoleApp1.csproj", "{8C0C4C4A-9EEB-412F-A074-A3D0DDD673F0}"
EndProject
Project("{2150E333-8FDC-42A3-9474-1A3956D46DE8}") = "Lesson2", "Lesson2", "{AA135DD6-1EFE-4B66-9697-CAAF93D7B745}"
EndProject
Project("{2150E333-8FDC-42A3-9474-1A3956D46DE8}") = "Lesson1", "Lesson1", "{7EF04D20-66F0-4C38-9776-D101EDDE13B0}"
EndProject
Project("{9A19103F-16F7-4668-BE54-9A1E7A4F7556}") = "L2", "L2\L2.csproj", "{C2AD48AE-CF72-4841-9334-87B7B47C90F4}"
EndProject
Project("{9A19103F-16F7-4668-BE54-9A1E7A4F7556}") = "Anketa", "Anketa\Anketa.csproj", "{AA45D9AE-6520-43BF-89E0-6FFBDF7F0255}"
EndProject
Project("{9A19103F-16F7-4668-BE54-9A1E7A4F7556}") = "Obmen", "Obmen\Obmen.csproj", "{51037DC4-26F8-44DF-B10D-864366AFD222}"
EndProject
Project("{9A19103F-16F7-4668-BE54-9A1E7A4F7556}") = "cycle_while", "cycle_while\cycle_while.csproj", "{5D939AD3-0E9D-40AB-B77C-403C14778954}"
EndProject
Project("{9A19103F-16F7-4668-BE54-9A1E7A4F7556}") = "cycle_for", "cycle_for\cycle_for.csproj", "{98FF4421-182D-4F53-931F-DC097141C889}"
EndProject
Project("{9A19103F-16F7-4668-BE54-9A1E7A4F7556}") = "Enums", "Enums\Enums.csproj", "{4A5C8860-4F6D-47E2-BE90-FF35971EBB02}"
EndProject
Project("{9A19103F-16F7-4668-BE54-9A1E7A4F7556}") = "Switch", "Switch\Switch.csproj", "{5A4242E7-C15A-47EF-98BC-69F87CB80682}"
EndProject
Project("{9A19103F-16F7-4668-BE54-9A1E7A4F7556}") = "Recursia", "Recursia\Recursia.csproj", "{BD4C1912-3489-498D-AA7E-179A3591033C}"
EndProject
Project("{2150E333-8FDC-42A3-9474-1A3956D46DE8}") = "Lesson", "Lesson", "{38C542FF-97DB-4D99-8617-70CD7742ED5C}"
EndProject
Project("{2150E333-8FDC-42A3-9474-1A3956D46DE8}") = "Homework", "Homework", "{6F69DDF9-EA8A-42B3-892E-DA1720F28332}"
EndProject
Project("{9A19103F-16F7-4668-BE54-9A1E7A4F7556}") = "HomeWork2", "HomeWork2\HomeWork2.csproj", "{32F4CDB1-8C80-4710-BE85-C69BD0F7816B}"
EndProject
Project("{9A19103F-16F7-4668-BE54-9A1E7A4F7556}") = "ConsoleApp2", "ConsoleApp2\ConsoleApp2.csproj", "{B1062C70-DE24-4E33-9E7C-A0F469F2836B}"
EndProject
Project("{FAE04EC0-301F-11D3-BF4B-00C04F79EFBC}") = "forGitHub test", "forGitHub test\forGitHub test.csproj", "{EEE27B33-15B4-457B-B698-81FF174439A5}"
EndProject
Global
	GlobalSection(SolutionConfigurationPlatforms) = preSolution
		Debug|Any CPU = Debug|Any CPU
		Release|Any CPU = Release|Any CPU
	EndGlobalSection
	GlobalSection(ProjectConfigurationPlatforms) = postSolution
		{8C0C4C4A-9EEB-412F-A074-A3D0DDD673F0}.Debug|Any CPU.ActiveCfg = Debug|Any CPU
		{8C0C4C4A-9EEB-412F-A074-A3D0DDD673F0}.Debug|Any CPU.Build.0 = Debug|Any CPU
		{8C0C4C4A-9EEB-412F-A074-A3D0DDD673F0}.Release|Any CPU.ActiveCfg = Release|Any CPU
		{8C0C4C4A-9EEB-412F-A074-A3D0DDD673F0}.Release|Any CPU.Build.0 = Release|Any CPU
		{C2AD48AE-CF72-4841-9334-87B7B47C90F4}.Debug|Any CPU.ActiveCfg = Debug|Any CPU
		{C2AD48AE-CF72-4841-9334-87B7B47C90F4}.Debug|Any CPU.Build.0 = Debug|Any CPU
		{C2AD48AE-CF72-4841-9334-87B7B47C90F4}.Release|Any CPU.ActiveCfg = Release|Any CPU
		{C2AD48AE-CF72-4841-9334-87B7B47C90F4}.Release|Any CPU.Build.0 = Release|Any CPU
		{AA45D9AE-6520-43BF-89E0-6FFBDF7F0255}.Debug|Any CPU.ActiveCfg = Debug|Any CPU
		{AA45D9AE-6520-43BF-89E0-6FFBDF7F0255}.Debug|Any CPU.Build.0 = Debug|Any CPU
		{AA45D9AE-6520-43BF-89E0-6FFBDF7F0255}.Release|Any CPU.ActiveCfg = Release|Any CPU
		{AA45D9AE-6520-43BF-89E0-6FFBDF7F0255}.Release|Any CPU.Build.0 = Release|Any CPU
		{51037DC4-26F8-44DF-B10D-864366AFD222}.Debug|Any CPU.ActiveCfg = Debug|Any CPU
		{51037DC4-26F8-44DF-B10D-864366AFD222}.Debug|Any CPU.Build.0 = Debug|Any CPU
		{51037DC4-26F8-44DF-B10D-864366AFD222}.Release|Any CPU.ActiveCfg = Release|Any CPU
		{51037DC4-26F8-44DF-B10D-864366AFD222}.Release|Any CPU.Build.0 = Release|Any CPU
		{5D939AD3-0E9D-40AB-B77C-403C14778954}.Debug|Any CPU.ActiveCfg = Debug|Any CPU
		{5D939AD3-0E9D-40AB-B77C-403C14778954}.Debug|Any CPU.Build.0 = Debug|Any CPU
		{5D939AD3-0E9D-40AB-B77C-403C14778954}.Release|Any CPU.ActiveCfg = Release|Any CPU
		{5D939AD3-0E9D-40AB-B77C-403C14778954}.Release|Any CPU.Build.0 = Release|Any CPU
		{98FF4421-182D-4F53-931F-DC097141C889}.Debug|Any CPU.ActiveCfg = Debug|Any CPU
		{98FF4421-182D-4F53-931F-DC097141C889}.Debug|Any CPU.Build.0 = Debug|Any CPU
		{98FF4421-182D-4F53-931F-DC097141C889}.Release|Any CPU.ActiveCfg = Release|Any CPU
		{98FF4421-182D-4F53-931F-DC097141C889}.Release|Any CPU.Build.0 = Release|Any CPU
		{4A5C8860-4F6D-47E2-BE90-FF35971EBB02}.Debug|Any CPU.ActiveCfg = Debug|Any CPU
		{4A5C8860-4F6D-47E2-BE90-FF35971EBB02}.Debug|Any CPU.Build.0 = Debug|Any CPU
		{4A5C8860-4F6D-47E2-BE90-FF35971EBB02}.Release|Any CPU.ActiveCfg = Release|Any CPU
		{4A5C8860-4F6D-47E2-BE90-FF35971EBB02}.Release|Any CPU.Build.0 = Release|Any CPU
		{5A4242E7-C15A-47EF-98BC-69F87CB80682}.Debug|Any CPU.ActiveCfg = Debug|Any CPU
		{5A4242E7-C15A-47EF-98BC-69F87CB80682}.Debug|Any CPU.Build.0 = Debug|Any CPU
		{5A4242E7-C15A-47EF-98BC-69F87CB80682}.Release|Any CPU.ActiveCfg = Release|Any CPU
		{5A4242E7-C15A-47EF-98BC-69F87CB80682}.Release|Any CPU.Build.0 = Release|Any CPU
		{BD4C1912-3489-498D-AA7E-179A3591033C}.Debug|Any CPU.ActiveCfg = Debug|Any CPU
		{BD4C1912-3489-498D-AA7E-179A3591033C}.Debug|Any CPU.Build.0 = Debug|Any CPU
		{BD4C1912-3489-498D-AA7E-179A3591033C}.Release|Any CPU.ActiveCfg = Release|Any CPU
		{BD4C1912-3489-498D-AA7E-179A3591033C}.Release|Any CPU.Build.0 = Release|Any CPU
		{32F4CDB1-8C80-4710-BE85-C69BD0F7816B}.Debug|Any CPU.ActiveCfg = Debug|Any CPU
		{32F4CDB1-8C80-4710-BE85-C69BD0F7816B}.Debug|Any CPU.Build.0 = Debug|Any CPU
		{32F4CDB1-8C80-4710-BE85-C69BD0F7816B}.Release|Any CPU.ActiveCfg = Release|Any CPU
		{32F4CDB1-8C80-4710-BE85-C69BD0F7816B}.Release|Any CPU.Build.0 = Release|Any CPU
		{B1062C70-DE24-4E33-9E7C-A0F469F2836B}.Debug|Any CPU.ActiveCfg = Debug|Any CPU
		{B1062C70-DE24-4E33-9E7C-A0F469F2836B}.Debug|Any CPU.Build.0 = Debug|Any CPU
		{B1062C70-DE24-4E33-9E7C-A0F469F2836B}.Release|Any CPU.ActiveCfg = Release|Any CPU
		{B1062C70-DE24-4E33-9E7C-A0F469F2836B}.Release|Any CPU.Build.0 = Release|Any CPU
		{EEE27B33-15B4-457B-B698-81FF174439A5}.Debug|Any CPU.ActiveCfg = Debug|Any CPU
		{EEE27B33-15B4-457B-B698-81FF174439A5}.Debug|Any CPU.Build.0 = Debug|Any CPU
		{EEE27B33-15B4-457B-B698-81FF174439A5}.Release|Any CPU.ActiveCfg = Release|Any CPU
		{EEE27B33-15B4-457B-B698-81FF174439A5}.Release|Any CPU.Build.0 = Release|Any CPU
	EndGlobalSection
	GlobalSection(SolutionProperties) = preSolution
		HideSolutionNode = FALSE
	EndGlobalSection
	GlobalSection(NestedProjects) = preSolution
		{8C0C4C4A-9EEB-412F-A074-A3D0DDD673F0} = {7EF04D20-66F0-4C38-9776-D101EDDE13B0}
		{C2AD48AE-CF72-4841-9334-87B7B47C90F4} = {38C542FF-97DB-4D99-8617-70CD7742ED5C}
		{AA45D9AE-6520-43BF-89E0-6FFBDF7F0255} = {7EF04D20-66F0-4C38-9776-D101EDDE13B0}
		{51037DC4-26F8-44DF-B10D-864366AFD222} = {7EF04D20-66F0-4C38-9776-D101EDDE13B0}
		{5D939AD3-0E9D-40AB-B77C-403C14778954} = {38C542FF-97DB-4D99-8617-70CD7742ED5C}
		{98FF4421-182D-4F53-931F-DC097141C889} = {38C542FF-97DB-4D99-8617-70CD7742ED5C}
		{4A5C8860-4F6D-47E2-BE90-FF35971EBB02} = {38C542FF-97DB-4D99-8617-70CD7742ED5C}
		{5A4242E7-C15A-47EF-98BC-69F87CB80682} = {38C542FF-97DB-4D99-8617-70CD7742ED5C}
		{BD4C1912-3489-498D-AA7E-179A3591033C} = {38C542FF-97DB-4D99-8617-70CD7742ED5C}
		{38C542FF-97DB-4D99-8617-70CD7742ED5C} = {AA135DD6-1EFE-4B66-9697-CAAF93D7B745}
		{6F69DDF9-EA8A-42B3-892E-DA1720F28332} = {AA135DD6-1EFE-4B66-9697-CAAF93D7B745}
		{32F4CDB1-8C80-4710-BE85-C69BD0F7816B} = {6F69DDF9-EA8A-42B3-892E-DA1720F28332}
		{B1062C70-DE24-4E33-9E7C-A0F469F2836B} = {6F69DDF9-EA8A-42B3-892E-DA1720F28332}
		{EEE27B33-15B4-457B-B698-81FF174439A5} = {6F69DDF9-EA8A-42B3-892E-DA1720F28332}
	EndGlobalSection
	GlobalSection(ExtensibilityGlobals) = postSolution
		SolutionGuid = {208C472B-01C2-4AB7-AB95-85FB311B5485}
	EndGlobalSection
EndGlobal
